
Microsoft Visual Studio Solution File, Format Version 12.00
# Visual Studio Version 17
VisualStudioVersion = 17.4.33103.184
MinimumVisualStudioVersion = 10.0.40219.1
Project("{FAE04EC0-301F-11D3-BF4B-00C04F79EFBC}") = "UAS_058", "UAS_058.csproj", "{18963BB1-5AFE-4A09-8139-0B721A8BC8BF}"
EndProject
Global
	GlobalSection(SolutionConfigurationPlatforms) = preSolution
		Debug|Any CPU = Debug|Any CPU
		Release|Any CPU = Release|Any CPU
	EndGlobalSection
	GlobalSection(ProjectConfigurationPlatforms) = postSolution
		{18963BB1-5AFE-4A09-8139-0B721A8BC8BF}.Debug|Any CPU.ActiveCfg = Debug|Any CPU
		{18963BB1-5AFE-4A09-8139-0B721A8BC8BF}.Debug|Any CPU.Build.0 = Debug|Any CPU
		{18963BB1-5AFE-4A09-8139-0B721A8BC8BF}.Release|Any CPU.ActiveCfg = Release|Any CPU
		{18963BB1-5AFE-4A09-8139-0B721A8BC8BF}.Release|Any CPU.Build.0 = Release|Any CPU
	EndGlobalSection
	GlobalSection(SolutionProperties) = preSolution
		HideSolutionNode = FALSE
	EndGlobalSection
	GlobalSection(ExtensibilityGlobals) = postSolution
		SolutionGuid = {FE42D8B8-36E5-4BDF-8F56-D4E8D4AD3AA5}
	EndGlobalSection
EndGlobal
